
Microsoft Visual Studio Solution File, Format Version 12.00
# Visual Studio Version 17
VisualStudioVersion = 17.8.34330.188
MinimumVisualStudioVersion = 10.0.40219.1
Project("{9A19103F-16F7-4668-BE54-9A1E7A4F7556}") = "6.1.1", "6.1.1\6.1.1.csproj", "{7F22BB2A-E142-4C8A-B1F0-BD19D9E07C7E}"
EndProject
Project("{9A19103F-16F7-4668-BE54-9A1E7A4F7556}") = "6.1.2", "6.1.2\6.1.2.csproj", "{CB2D5A60-146A-4302-800D-C3ABB643DB76}"
EndProject
Project("{9A19103F-16F7-4668-BE54-9A1E7A4F7556}") = "6.1.3", "6.1.3\6.1.3.csproj", "{61AA9FFB-CC47-4A3E-AF0B-97660C5C54C2}"
EndProject
Project("{9A19103F-16F7-4668-BE54-9A1E7A4F7556}") = "6.2.3", "6.2.3\6.2.3.csproj", "{E429CEAB-3298-40FE-B257-6A51AAAFD7CF}"
EndProject
Project("{9A19103F-16F7-4668-BE54-9A1E7A4F7556}") = "6.3.1", "6.3.1\6.3.1.csproj", "{1917E156-DD9D-4F22-BB6B-B9AE84063C14}"
EndProject
Project("{9A19103F-16F7-4668-BE54-9A1E7A4F7556}") = "6.5.1", "6.5.1\6.5.1.csproj", "{482F837E-81A4-49FD-BD17-813E4B1B0494}"
EndProject
Project("{9A19103F-16F7-4668-BE54-9A1E7A4F7556}") = "6.2.1(1)", "6.2.1(1)\6.2.1(1).csproj", "{959CCEF4-84DE-4C46-B463-542DDF6793D1}"
EndProject
Project("{9A19103F-16F7-4668-BE54-9A1E7A4F7556}") = "6.2.2(2)", "6.2.2(2)\6.2.2(2).csproj", "{75B72869-D08E-42D9-8B2A-6911D1C14063}"
EndProject
Project("{FAE04EC0-301F-11D3-BF4B-00C04F79EFBC}") = "6.3.2(3)", "6.3.2(3)\6.3.2(3).csproj", "{4903A05A-BE49-4F16-B220-F039AAE1F25D}"
EndProject
Project("{FAE04EC0-301F-11D3-BF4B-00C04F79EFBC}") = "6.4.1(4)", "6.4.1(4)\6.4.1(4).csproj", "{A064E34B-7B8A-43B1-877C-BFEF7602BAE8}"
EndProject
Project("{FAE04EC0-301F-11D3-BF4B-00C04F79EFBC}") = "6.4.2(5)", "6.4.2(5)\6.4.2(5).csproj", "{B04B7939-19CD-492E-AC84-C7F95E9B9182}"
EndProject
Project("{FAE04EC0-301F-11D3-BF4B-00C04F79EFBC}") = "6.5.2(6)", "6.5.2(6)\6.5.2(6).csproj", "{39A416B9-B020-493F-A897-35DADA2B6EF4}"
EndProject
Project("{FAE04EC0-301F-11D3-BF4B-00C04F79EFBC}") = "6.5.3(7)", "6.5.3(7)\6.5.3(7).csproj", "{F4DB93C0-E218-43B2-8DF6-133AFBB60819}"
EndProject
Global
	GlobalSection(SolutionConfigurationPlatforms) = preSolution
		Debug|Any CPU = Debug|Any CPU
		Release|Any CPU = Release|Any CPU
	EndGlobalSection
	GlobalSection(ProjectConfigurationPlatforms) = postSolution
		{7F22BB2A-E142-4C8A-B1F0-BD19D9E07C7E}.Debug|Any CPU.ActiveCfg = Debug|Any CPU
		{7F22BB2A-E142-4C8A-B1F0-BD19D9E07C7E}.Debug|Any CPU.Build.0 = Debug|Any CPU
		{7F22BB2A-E142-4C8A-B1F0-BD19D9E07C7E}.Release|Any CPU.ActiveCfg = Release|Any CPU
		{7F22BB2A-E142-4C8A-B1F0-BD19D9E07C7E}.Release|Any CPU.Build.0 = Release|Any CPU
		{CB2D5A60-146A-4302-800D-C3ABB643DB76}.Debug|Any CPU.ActiveCfg = Debug|Any CPU
		{CB2D5A60-146A-4302-800D-C3ABB643DB76}.Debug|Any CPU.Build.0 = Debug|Any CPU
		{CB2D5A60-146A-4302-800D-C3ABB643DB76}.Release|Any CPU.ActiveCfg = Release|Any CPU
		{CB2D5A60-146A-4302-800D-C3ABB643DB76}.Release|Any CPU.Build.0 = Release|Any CPU
		{61AA9FFB-CC47-4A3E-AF0B-97660C5C54C2}.Debug|Any CPU.ActiveCfg = Debug|Any CPU
		{61AA9FFB-CC47-4A3E-AF0B-97660C5C54C2}.Debug|Any CPU.Build.0 = Debug|Any CPU
		{61AA9FFB-CC47-4A3E-AF0B-97660C5C54C2}.Release|Any CPU.ActiveCfg = Release|Any CPU
		{61AA9FFB-CC47-4A3E-AF0B-97660C5C54C2}.Release|Any CPU.Build.0 = Release|Any CPU
		{E429CEAB-3298-40FE-B257-6A51AAAFD7CF}.Debug|Any CPU.ActiveCfg = Debug|Any CPU
		{E429CEAB-3298-40FE-B257-6A51AAAFD7CF}.Debug|Any CPU.Build.0 = Debug|Any CPU
		{E429CEAB-3298-40FE-B257-6A51AAAFD7CF}.Release|Any CPU.ActiveCfg = Release|Any CPU
		{E429CEAB-3298-40FE-B257-6A51AAAFD7CF}.Release|Any CPU.Build.0 = Release|Any CPU
		{1917E156-DD9D-4F22-BB6B-B9AE84063C14}.Debug|Any CPU.ActiveCfg = Debug|Any CPU
		{1917E156-DD9D-4F22-BB6B-B9AE84063C14}.Debug|Any CPU.Build.0 = Debug|Any CPU
		{1917E156-DD9D-4F22-BB6B-B9AE84063C14}.Release|Any CPU.ActiveCfg = Release|Any CPU
		{1917E156-DD9D-4F22-BB6B-B9AE84063C14}.Release|Any CPU.Build.0 = Release|Any CPU
		{482F837E-81A4-49FD-BD17-813E4B1B0494}.Debug|Any CPU.ActiveCfg = Debug|Any CPU
		{482F837E-81A4-49FD-BD17-813E4B1B0494}.Debug|Any CPU.Build.0 = Debug|Any CPU
		{482F837E-81A4-49FD-BD17-813E4B1B0494}.Release|Any CPU.ActiveCfg = Release|Any CPU
		{482F837E-81A4-49FD-BD17-813E4B1B0494}.Release|Any CPU.Build.0 = Release|Any CPU
		{959CCEF4-84DE-4C46-B463-542DDF6793D1}.Debug|Any CPU.ActiveCfg = Debug|Any CPU
		{959CCEF4-84DE-4C46-B463-542DDF6793D1}.Debug|Any CPU.Build.0 = Debug|Any CPU
		{959CCEF4-84DE-4C46-B463-542DDF6793D1}.Release|Any CPU.ActiveCfg = Release|Any CPU
		{959CCEF4-84DE-4C46-B463-542DDF6793D1}.Release|Any CPU.Build.0 = Release|Any CPU
		{75B72869-D08E-42D9-8B2A-6911D1C14063}.Debug|Any CPU.ActiveCfg = Debug|Any CPU
		{75B72869-D08E-42D9-8B2A-6911D1C14063}.Debug|Any CPU.Build.0 = Debug|Any CPU
		{75B72869-D08E-42D9-8B2A-6911D1C14063}.Release|Any CPU.ActiveCfg = Release|Any CPU
		{75B72869-D08E-42D9-8B2A-6911D1C14063}.Release|Any CPU.Build.0 = Release|Any CPU
		{4903A05A-BE49-4F16-B220-F039AAE1F25D}.Debug|Any CPU.ActiveCfg = Debug|Any CPU
		{4903A05A-BE49-4F16-B220-F039AAE1F25D}.Debug|Any CPU.Build.0 = Debug|Any CPU
		{4903A05A-BE49-4F16-B220-F039AAE1F25D}.Release|Any CPU.ActiveCfg = Release|Any CPU
		{4903A05A-BE49-4F16-B220-F039AAE1F25D}.Release|Any CPU.Build.0 = Release|Any CPU
		{A064E34B-7B8A-43B1-877C-BFEF7602BAE8}.Debug|Any CPU.ActiveCfg = Debug|Any CPU
		{A064E34B-7B8A-43B1-877C-BFEF7602BAE8}.Debug|Any CPU.Build.0 = Debug|Any CPU
		{A064E34B-7B8A-43B1-877C-BFEF7602BAE8}.Release|Any CPU.ActiveCfg = Release|Any CPU
		{A064E34B-7B8A-43B1-877C-BFEF7602BAE8}.Release|Any CPU.Build.0 = Release|Any CPU
		{B04B7939-19CD-492E-AC84-C7F95E9B9182}.Debug|Any CPU.ActiveCfg = Debug|Any CPU
		{B04B7939-19CD-492E-AC84-C7F95E9B9182}.Debug|Any CPU.Build.0 = Debug|Any CPU
		{B04B7939-19CD-492E-AC84-C7F95E9B9182}.Release|Any CPU.ActiveCfg = Release|Any CPU
		{B04B7939-19CD-492E-AC84-C7F95E9B9182}.Release|Any CPU.Build.0 = Release|Any CPU
		{39A416B9-B020-493F-A897-35DADA2B6EF4}.Debug|Any CPU.ActiveCfg = Debug|Any CPU
		{39A416B9-B020-493F-A897-35DADA2B6EF4}.Debug|Any CPU.Build.0 = Debug|Any CPU
		{39A416B9-B020-493F-A897-35DADA2B6EF4}.Release|Any CPU.ActiveCfg = Release|Any CPU
		{39A416B9-B020-493F-A897-35DADA2B6EF4}.Release|Any CPU.Build.0 = Release|Any CPU
		{F4DB93C0-E218-43B2-8DF6-133AFBB60819}.Debug|Any CPU.ActiveCfg = Debug|Any CPU
		{F4DB93C0-E218-43B2-8DF6-133AFBB60819}.Debug|Any CPU.Build.0 = Debug|Any CPU
		{F4DB93C0-E218-43B2-8DF6-133AFBB60819}.Release|Any CPU.ActiveCfg = Release|Any CPU
		{F4DB93C0-E218-43B2-8DF6-133AFBB60819}.Release|Any CPU.Build.0 = Release|Any CPU
	EndGlobalSection
	GlobalSection(SolutionProperties) = preSolution
		HideSolutionNode = FALSE
	EndGlobalSection
	GlobalSection(ExtensibilityGlobals) = postSolution
		SolutionGuid = {BFC932F6-BDC0-4803-AAED-AEA97DE74940}
	EndGlobalSection
EndGlobal
